
Microsoft Visual Studio Solution File, Format Version 12.00
# Visual Studio Version 17
VisualStudioVersion = 17.1.32210.238
MinimumVisualStudioVersion = 10.0.40219.1
Project("{FAE04EC0-301F-11D3-BF4B-00C04F79EFBC}") = "ProjetoElevador", "ProjetoElevador\ProjetoElevador.csproj", "{8F9C146F-1336-4245-887D-A3BF7BF7D2A9}"
EndProject
Global
	GlobalSection(SolutionConfigurationPlatforms) = preSolution
		Debug|Any CPU = Debug|Any CPU
		Release|Any CPU = Release|Any CPU
	EndGlobalSection
	GlobalSection(ProjectConfigurationPlatforms) = postSolution
		{8F9C146F-1336-4245-887D-A3BF7BF7D2A9}.Debug|Any CPU.ActiveCfg = Debug|Any CPU
		{8F9C146F-1336-4245-887D-A3BF7BF7D2A9}.Debug|Any CPU.Build.0 = Debug|Any CPU
		{8F9C146F-1336-4245-887D-A3BF7BF7D2A9}.Release|Any CPU.ActiveCfg = Release|Any CPU
		{8F9C146F-1336-4245-887D-A3BF7BF7D2A9}.Release|Any CPU.Build.0 = Release|Any CPU
	EndGlobalSection
	GlobalSection(SolutionProperties) = preSolution
		HideSolutionNode = FALSE
	EndGlobalSection
	GlobalSection(ExtensibilityGlobals) = postSolution
		SolutionGuid = {1CDBAF46-66AD-41B5-BEA9-3A7416ED4F70}
	EndGlobalSection
EndGlobal
